
Microsoft Visual Studio Solution File, Format Version 12.00
# Visual Studio Version 17
VisualStudioVersion = 17.8.34408.163
MinimumVisualStudioVersion = 10.0.40219.1
Project("{FAE04EC0-301F-11D3-BF4B-00C04F79EFBC}") = "_consolos_leves_", "_consolos_leves_\_consolos_leves_.csproj", "{AB4ABE2C-22F2-4DDF-84C6-23B1FAD97223}"
EndProject
Global
	GlobalSection(SolutionConfigurationPlatforms) = preSolution
		Debug|Any CPU = Debug|Any CPU
		Release|Any CPU = Release|Any CPU
	EndGlobalSection
	GlobalSection(ProjectConfigurationPlatforms) = postSolution
		{AB4ABE2C-22F2-4DDF-84C6-23B1FAD97223}.Debug|Any CPU.ActiveCfg = Debug|Any CPU
		{AB4ABE2C-22F2-4DDF-84C6-23B1FAD97223}.Debug|Any CPU.Build.0 = Debug|Any CPU
		{AB4ABE2C-22F2-4DDF-84C6-23B1FAD97223}.Release|Any CPU.ActiveCfg = Release|Any CPU
		{AB4ABE2C-22F2-4DDF-84C6-23B1FAD97223}.Release|Any CPU.Build.0 = Release|Any CPU
	EndGlobalSection
	GlobalSection(SolutionProperties) = preSolution
		HideSolutionNode = FALSE
	EndGlobalSection
	GlobalSection(ExtensibilityGlobals) = postSolution
		SolutionGuid = {01A2D37D-D611-4EB5-9D2D-590A6A0DE79F}
	EndGlobalSection
EndGlobal
